// !$*UTF8*$!
{
	archiveVersion = 1;
	classes = {
	};
	objectVersion = 46;
	objects = {

/* Begin PBXBuildFile section */
		64C6EEA485ED875FAB25C6E0 /* Pods_MySpotifyTests.framework in Frameworks */ = {isa = PBXBuildFile; fileRef = C2F4834EF23E8881FDAD63A9 /* Pods_MySpotifyTests.framework */; };
		7BED0D32E7F10DCF83440CB1 /* Pods_MySpotify.framework in Frameworks */ = {isa = PBXBuildFile; fileRef = 80618415848BD46E1F1CACF1 /* Pods_MySpotify.framework */; };
		980F78DE366C25B005B22EF4 /* Pods_MySpotify.framework in Frameworks */ = {isa = PBXBuildFile; fileRef = 48C2301BC58ABB07C1B32F89 /* Pods_MySpotify.framework */; };
		B01761616F78A1EF30D06B6D /* Pods_MySpotifyTests.framework in Frameworks */ = {isa = PBXBuildFile; fileRef = E9AB92E0126914805EC0996B /* Pods_MySpotifyTests.framework */; };
		F706EFC41DC15D8A0078FAF4 /* NSError+Description.swift in Sources */ = {isa = PBXBuildFile; fileRef = F706EFC31DC15D8A0078FAF4 /* NSError+Description.swift */; };
		F758CBF41DC02D4A0019975B /* AppDelegate.swift in Sources */ = {isa = PBXBuildFile; fileRef = F758CBF31DC02D4A0019975B /* AppDelegate.swift */; };
		F758CBF91DC02D4A0019975B /* Main.storyboard in Resources */ = {isa = PBXBuildFile; fileRef = F758CBF71DC02D4A0019975B /* Main.storyboard */; };
		F758CBFB1DC02D4A0019975B /* Assets.xcassets in Resources */ = {isa = PBXBuildFile; fileRef = F758CBFA1DC02D4A0019975B /* Assets.xcassets */; };
		F758CBFE1DC02D4A0019975B /* LaunchScreen.storyboard in Resources */ = {isa = PBXBuildFile; fileRef = F758CBFC1DC02D4A0019975B /* LaunchScreen.storyboard */; };
		F758CC431DC0889C0019975B /* SpotifyAudioPlayback.framework in Frameworks */ = {isa = PBXBuildFile; fileRef = F758CC401DC0889C0019975B /* SpotifyAudioPlayback.framework */; };
		F758CC441DC0889C0019975B /* SpotifyAuthentication.framework in Frameworks */ = {isa = PBXBuildFile; fileRef = F758CC411DC0889C0019975B /* SpotifyAuthentication.framework */; };
		F758CC451DC0889C0019975B /* SpotifyMetadata.framework in Frameworks */ = {isa = PBXBuildFile; fileRef = F758CC421DC0889C0019975B /* SpotifyMetadata.framework */; };
		F758CC4F1DC08B6A0019975B /* SpotifyViewController.swift in Sources */ = {isa = PBXBuildFile; fileRef = F758CC481DC08B6A0019975B /* SpotifyViewController.swift */; };
		F758CC511DC08BA30019975B /* AppConstants.swift in Sources */ = {isa = PBXBuildFile; fileRef = F758CC501DC08BA30019975B /* AppConstants.swift */; };
		F758CC531DC0C39F0019975B /* ServiceRequest.swift in Sources */ = {isa = PBXBuildFile; fileRef = F758CC521DC0C39F0019975B /* ServiceRequest.swift */; };
		F758CC551DC0C41E0019975B /* Token.swift in Sources */ = {isa = PBXBuildFile; fileRef = F758CC541DC0C41E0019975B /* Token.swift */; };
		F758CC571DC0C4510019975B /* TokenTests.swift in Sources */ = {isa = PBXBuildFile; fileRef = F758CC561DC0C4510019975B /* TokenTests.swift */; };
		F758CC591DC0C7580019975B /* TokenRequest.swift in Sources */ = {isa = PBXBuildFile; fileRef = F758CC581DC0C7580019975B /* TokenRequest.swift */; };
		F758CC5C1DC0C95D0019975B /* UserSession.swift in Sources */ = {isa = PBXBuildFile; fileRef = F758CC5B1DC0C95D0019975B /* UserSession.swift */; };
		F758CC5E1DC0C9C80019975B /* DictionaryRepresentable.swift in Sources */ = {isa = PBXBuildFile; fileRef = F758CC5D1DC0C9C80019975B /* DictionaryRepresentable.swift */; };
		F758CC601DC0CDFB0019975B /* User.swift in Sources */ = {isa = PBXBuildFile; fileRef = F758CC5F1DC0CDFB0019975B /* User.swift */; };
		F758CC621DC0CE210019975B /* UserTests.swift in Sources */ = {isa = PBXBuildFile; fileRef = F758CC611DC0CE210019975B /* UserTests.swift */; };
		F758CC641DC0CEFB0019975B /* UserRequest.swift in Sources */ = {isa = PBXBuildFile; fileRef = F758CC631DC0CEFB0019975B /* UserRequest.swift */; };
		F758CC661DC0D0F70019975B /* SPTPlaylist.swift in Sources */ = {isa = PBXBuildFile; fileRef = F758CC651DC0D0F70019975B /* SPTPlaylist.swift */; };
		F758CC681DC0D1000019975B /* TracksRepresentation.swift in Sources */ = {isa = PBXBuildFile; fileRef = F758CC671DC0D1000019975B /* TracksRepresentation.swift */; };
		F758CC6C1DC0D12C0019975B /* Artist.swift in Sources */ = {isa = PBXBuildFile; fileRef = F758CC6B1DC0D12C0019975B /* Artist.swift */; };
		F758CC6E1DC12DE00019975B /* ArtistTests.swift in Sources */ = {isa = PBXBuildFile; fileRef = F758CC6D1DC12DE00019975B /* ArtistTests.swift */; };
		F758CC701DC12DE90019975B /* TrackTests.swift in Sources */ = {isa = PBXBuildFile; fileRef = F758CC6F1DC12DE90019975B /* TrackTests.swift */; };
		F758CC721DC12DF60019975B /* TracksRepresentationTests.swift in Sources */ = {isa = PBXBuildFile; fileRef = F758CC711DC12DF60019975B /* TracksRepresentationTests.swift */; };
		F758CC741DC12E0D0019975B /* PlaylistTests.swift in Sources */ = {isa = PBXBuildFile; fileRef = F758CC731DC12E0D0019975B /* PlaylistTests.swift */; };
		F758CC761DC13C850019975B /* ListWrapper.swift in Sources */ = {isa = PBXBuildFile; fileRef = F758CC751DC13C850019975B /* ListWrapper.swift */; };
		F758CC781DC13CA80019975B /* PlaylistsRequest.swift in Sources */ = {isa = PBXBuildFile; fileRef = F758CC771DC13CA80019975B /* PlaylistsRequest.swift */; };
		F758CC7A1DC13CCF0019975B /* SPTTracksRequest.swift in Sources */ = {isa = PBXBuildFile; fileRef = F758CC791DC13CCF0019975B /* SPTTracksRequest.swift */; };
		F758CC7C1DC13D840019975B /* AudioFeatures.swift in Sources */ = {isa = PBXBuildFile; fileRef = F758CC7B1DC13D840019975B /* AudioFeatures.swift */; };
		F758CC7E1DC13DB90019975B /* AudioFeaturesListWrapper.swift in Sources */ = {isa = PBXBuildFile; fileRef = F758CC7D1DC13DB90019975B /* AudioFeaturesListWrapper.swift */; };
		F758CC801DC13DD40019975B /* AudioFeaturesRequest.swift in Sources */ = {isa = PBXBuildFile; fileRef = F758CC7F1DC13DD40019975B /* AudioFeaturesRequest.swift */; };
		F758CC821DC13EAB0019975B /* Storage.swift in Sources */ = {isa = PBXBuildFile; fileRef = F758CC811DC13EAB0019975B /* Storage.swift */; };
		F758CC841DC13FA60019975B /* StorageTests.swift in Sources */ = {isa = PBXBuildFile; fileRef = F758CC831DC13FA60019975B /* StorageTests.swift */; };
		F758CC861DC1440A0019975B /* UIViewController+Error.swift in Sources */ = {isa = PBXBuildFile; fileRef = F758CC851DC1440A0019975B /* UIViewController+Error.swift */; };
		F758CC881DC146890019975B /* PlaylistsViewController.swift in Sources */ = {isa = PBXBuildFile; fileRef = F758CC871DC146880019975B /* PlaylistsViewController.swift */; };
		F758CC8A1DC146A20019975B /* TracksViewController.swift in Sources */ = {isa = PBXBuildFile; fileRef = F758CC891DC146A20019975B /* TracksViewController.swift */; };
		F758CC8C1DC147120019975B /* PlaylistTableViewCell.swift in Sources */ = {isa = PBXBuildFile; fileRef = F758CC8B1DC147120019975B /* PlaylistTableViewCell.swift */; };
		F758CC8E1DC147260019975B /* TrackTableViewCell.swift in Sources */ = {isa = PBXBuildFile; fileRef = F758CC8D1DC147260019975B /* TrackTableViewCell.swift */; };
		F758CC901DC147DE0019975B /* PlaylistsSource.swift in Sources */ = {isa = PBXBuildFile; fileRef = F758CC8F1DC147DE0019975B /* PlaylistsSource.swift */; };
		F758CC941DC149770019975B /* RefreshableItemsSource.swift in Sources */ = {isa = PBXBuildFile; fileRef = F758CC931DC149770019975B /* RefreshableItemsSource.swift */; };
		F77DEC591DD8936600D6EABA /* Track.swift in Sources */ = {isa = PBXBuildFile; fileRef = F77DEC581DD8936500D6EABA /* Track.swift */; };
		F77DEC5B1DD896A200D6EABA /* RefreshableTracksSource.swift in Sources */ = {isa = PBXBuildFile; fileRef = F77DEC5A1DD896A200D6EABA /* RefreshableTracksSource.swift */; };
		F77DEC611DD8977100D6EABA /* SPTTrack.swift in Sources */ = {isa = PBXBuildFile; fileRef = F77DEC5D1DD8977100D6EABA /* SPTTrack.swift */; };
		F77DEC621DD8977100D6EABA /* SPTTracksSource.swift in Sources */ = {isa = PBXBuildFile; fileRef = F77DEC5E1DD8977100D6EABA /* SPTTracksSource.swift */; };
		F77DEC631DD8977100D6EABA /* VKTrack.swift in Sources */ = {isa = PBXBuildFile; fileRef = F77DEC601DD8977100D6EABA /* VKTrack.swift */; };
		F77DEC651DD8982500D6EABA /* VKTracksSource.swift in Sources */ = {isa = PBXBuildFile; fileRef = F77DEC641DD8982500D6EABA /* VKTracksSource.swift */; };
		F77DEC671DD8ABAF00D6EABA /* TrackTableViewCell.xib in Resources */ = {isa = PBXBuildFile; fileRef = F77DEC661DD8ABAF00D6EABA /* TrackTableViewCell.xib */; };
		F77DEC691DD8ABE600D6EABA /* PlaylistTableViewCell.xib in Resources */ = {isa = PBXBuildFile; fileRef = F77DEC681DD8ABE600D6EABA /* PlaylistTableViewCell.xib */; };
		F77DEC6B1DD8AC3B00D6EABA /* ReusableView.swift in Sources */ = {isa = PBXBuildFile; fileRef = F77DEC6A1DD8AC3B00D6EABA /* ReusableView.swift */; };
		F77DEC6D1DD8AC4700D6EABA /* NibLoadableView.swift in Sources */ = {isa = PBXBuildFile; fileRef = F77DEC6C1DD8AC4700D6EABA /* NibLoadableView.swift */; };
		F77DEC6F1DD8AD3200D6EABA /* UICollectionView+Reuse.swift in Sources */ = {isa = PBXBuildFile; fileRef = F77DEC6E1DD8AD3200D6EABA /* UICollectionView+Reuse.swift */; };
		F77DEC711DD8AD4100D6EABA /* UITableView+Reuse.swift in Sources */ = {isa = PBXBuildFile; fileRef = F77DEC701DD8AD4100D6EABA /* UITableView+Reuse.swift */; };
		F77DEC731DD8B62A00D6EABA /* UIViewController+NavigationController.swift in Sources */ = {isa = PBXBuildFile; fileRef = F77DEC721DD8B62A00D6EABA /* UIViewController+NavigationController.swift */; };
		F77DEC751DD8CDF700D6EABA /* VKPlaylistsRequest.swift in Sources */ = {isa = PBXBuildFile; fileRef = F77DEC741DD8CDF700D6EABA /* VKPlaylistsRequest.swift */; };
		F77DEC771DD8CF7000D6EABA /* Playlist.swift in Sources */ = {isa = PBXBuildFile; fileRef = F77DEC761DD8CF7000D6EABA /* Playlist.swift */; };
		F7D30C571DD86CFE00821B17 /* VKController.swift in Sources */ = {isa = PBXBuildFile; fileRef = F7D30C561DD86CFE00821B17 /* VKController.swift */; };
		F7D30C591DD86DA300821B17 /* ConvenienceServiceRequest.swift in Sources */ = {isa = PBXBuildFile; fileRef = F7D30C581DD86DA300821B17 /* ConvenienceServiceRequest.swift */; };
		F7D30C5B1DD86E2C00821B17 /* VKTracksRequest.swift in Sources */ = {isa = PBXBuildFile; fileRef = F7D30C5A1DD86E2C00821B17 /* VKTracksRequest.swift */; };
		F7D30C5D1DD8716E00821B17 /* RootViewController.swift in Sources */ = {isa = PBXBuildFile; fileRef = F7D30C5C1DD8716E00821B17 /* RootViewController.swift */; };
		F7D30C5F1DD8895000821B17 /* Spotify.storyboard in Resources */ = {isa = PBXBuildFile; fileRef = F7D30C5E1DD8895000821B17 /* Spotify.storyboard */; };
/* End PBXBuildFile section */

/* Begin PBXContainerItemProxy section */
		F758CC051DC02D4B0019975B /* PBXContainerItemProxy */ = {
			isa = PBXContainerItemProxy;
			containerPortal = F758CBE81DC02D4A0019975B /* Project object */;
			proxyType = 1;
			remoteGlobalIDString = F758CBEF1DC02D4A0019975B;
			remoteInfo = MySpotify;
		};
/* End PBXContainerItemProxy section */

/* Begin PBXFileReference section */
		19F41B09FB0379054DEB7CC7 /* Pods-MySpotifyTests.debug.xcconfig */ = {isa = PBXFileReference; includeInIndex = 1; lastKnownFileType = text.xcconfig; name = "Pods-MySpotifyTests.debug.xcconfig"; path = "Pods/Target Support Files/Pods-MySpotifyTests/Pods-MySpotifyTests.debug.xcconfig"; sourceTree = "<group>"; };
		3A24E06B421032A979016304 /* Pods-MySpotify.debug.xcconfig */ = {isa = PBXFileReference; includeInIndex = 1; lastKnownFileType = text.xcconfig; name = "Pods-MySpotify.debug.xcconfig"; path = "Pods/Target Support Files/Pods-MySpotify/Pods-MySpotify.debug.xcconfig"; sourceTree = "<group>"; };
		48C2301BC58ABB07C1B32F89 /* Pods_MySpotify.framework */ = {isa = PBXFileReference; explicitFileType = wrapper.framework; includeInIndex = 0; path = Pods_MySpotify.framework; sourceTree = BUILT_PRODUCTS_DIR; };
		80618415848BD46E1F1CACF1 /* Pods_MySpotify.framework */ = {isa = PBXFileReference; explicitFileType = wrapper.framework; includeInIndex = 0; path = Pods_MySpotify.framework; sourceTree = BUILT_PRODUCTS_DIR; };
		90BC41DAD1204B542D1BC344 /* Pods-MySpotifyTests.release.xcconfig */ = {isa = PBXFileReference; includeInIndex = 1; lastKnownFileType = text.xcconfig; name = "Pods-MySpotifyTests.release.xcconfig"; path = "Pods/Target Support Files/Pods-MySpotifyTests/Pods-MySpotifyTests.release.xcconfig"; sourceTree = "<group>"; };
		C2F4834EF23E8881FDAD63A9 /* Pods_MySpotifyTests.framework */ = {isa = PBXFileReference; explicitFileType = wrapper.framework; includeInIndex = 0; path = Pods_MySpotifyTests.framework; sourceTree = BUILT_PRODUCTS_DIR; };
		D48A853CCCEBBA562F167635 /* Pods-MySpotify.release.xcconfig */ = {isa = PBXFileReference; includeInIndex = 1; lastKnownFileType = text.xcconfig; name = "Pods-MySpotify.release.xcconfig"; path = "Pods/Target Support Files/Pods-MySpotify/Pods-MySpotify.release.xcconfig"; sourceTree = "<group>"; };
		E9AB92E0126914805EC0996B /* Pods_MySpotifyTests.framework */ = {isa = PBXFileReference; explicitFileType = wrapper.framework; includeInIndex = 0; path = Pods_MySpotifyTests.framework; sourceTree = BUILT_PRODUCTS_DIR; };
		F706EFC31DC15D8A0078FAF4 /* NSError+Description.swift */ = {isa = PBXFileReference; fileEncoding = 4; lastKnownFileType = sourcecode.swift; path = "NSError+Description.swift"; sourceTree = "<group>"; };
		F758CBF01DC02D4A0019975B /* MySpotify.app */ = {isa = PBXFileReference; explicitFileType = wrapper.application; includeInIndex = 0; path = MySpotify.app; sourceTree = BUILT_PRODUCTS_DIR; };
		F758CBF31DC02D4A0019975B /* AppDelegate.swift */ = {isa = PBXFileReference; lastKnownFileType = sourcecode.swift; path = AppDelegate.swift; sourceTree = "<group>"; };
		F758CBF81DC02D4A0019975B /* Base */ = {isa = PBXFileReference; lastKnownFileType = file.storyboard; name = Base; path = Base.lproj/Main.storyboard; sourceTree = "<group>"; };
		F758CBFA1DC02D4A0019975B /* Assets.xcassets */ = {isa = PBXFileReference; lastKnownFileType = folder.assetcatalog; path = Assets.xcassets; sourceTree = "<group>"; };
		F758CBFD1DC02D4A0019975B /* Base */ = {isa = PBXFileReference; lastKnownFileType = file.storyboard; name = Base; path = Base.lproj/LaunchScreen.storyboard; sourceTree = "<group>"; };
		F758CBFF1DC02D4A0019975B /* Info.plist */ = {isa = PBXFileReference; lastKnownFileType = text.plist.xml; path = Info.plist; sourceTree = "<group>"; };
		F758CC041DC02D4B0019975B /* MySpotifyTests.xctest */ = {isa = PBXFileReference; explicitFileType = wrapper.cfbundle; includeInIndex = 0; path = MySpotifyTests.xctest; sourceTree = BUILT_PRODUCTS_DIR; };
		F758CC0A1DC02D4B0019975B /* Info.plist */ = {isa = PBXFileReference; lastKnownFileType = text.plist.xml; path = Info.plist; sourceTree = "<group>"; };
		F758CC401DC0889C0019975B /* SpotifyAudioPlayback.framework */ = {isa = PBXFileReference; lastKnownFileType = wrapper.framework; path = SpotifyAudioPlayback.framework; sourceTree = "<group>"; };
		F758CC411DC0889C0019975B /* SpotifyAuthentication.framework */ = {isa = PBXFileReference; lastKnownFileType = wrapper.framework; path = SpotifyAuthentication.framework; sourceTree = "<group>"; };
		F758CC421DC0889C0019975B /* SpotifyMetadata.framework */ = {isa = PBXFileReference; lastKnownFileType = wrapper.framework; path = SpotifyMetadata.framework; sourceTree = "<group>"; };
		F758CC461DC089720019975B /* Bridging.h */ = {isa = PBXFileReference; lastKnownFileType = sourcecode.c.h; path = Bridging.h; sourceTree = "<group>"; };
		F758CC481DC08B6A0019975B /* SpotifyViewController.swift */ = {isa = PBXFileReference; fileEncoding = 4; lastKnownFileType = sourcecode.swift; path = SpotifyViewController.swift; sourceTree = "<group>"; };
		F758CC501DC08BA30019975B /* AppConstants.swift */ = {isa = PBXFileReference; fileEncoding = 4; lastKnownFileType = sourcecode.swift; path = AppConstants.swift; sourceTree = "<group>"; };
		F758CC521DC0C39F0019975B /* ServiceRequest.swift */ = {isa = PBXFileReference; fileEncoding = 4; lastKnownFileType = sourcecode.swift; path = ServiceRequest.swift; sourceTree = "<group>"; };
		F758CC541DC0C41E0019975B /* Token.swift */ = {isa = PBXFileReference; fileEncoding = 4; lastKnownFileType = sourcecode.swift; path = Token.swift; sourceTree = "<group>"; };
		F758CC561DC0C4510019975B /* TokenTests.swift */ = {isa = PBXFileReference; fileEncoding = 4; lastKnownFileType = sourcecode.swift; path = TokenTests.swift; sourceTree = "<group>"; };
		F758CC581DC0C7580019975B /* TokenRequest.swift */ = {isa = PBXFileReference; fileEncoding = 4; lastKnownFileType = sourcecode.swift; path = TokenRequest.swift; sourceTree = "<group>"; };
		F758CC5B1DC0C95D0019975B /* UserSession.swift */ = {isa = PBXFileReference; fileEncoding = 4; lastKnownFileType = sourcecode.swift; path = UserSession.swift; sourceTree = "<group>"; };
		F758CC5D1DC0C9C80019975B /* DictionaryRepresentable.swift */ = {isa = PBXFileReference; fileEncoding = 4; lastKnownFileType = sourcecode.swift; path = DictionaryRepresentable.swift; sourceTree = "<group>"; };
		F758CC5F1DC0CDFB0019975B /* User.swift */ = {isa = PBXFileReference; fileEncoding = 4; lastKnownFileType = sourcecode.swift; path = User.swift; sourceTree = "<group>"; };
		F758CC611DC0CE210019975B /* UserTests.swift */ = {isa = PBXFileReference; fileEncoding = 4; lastKnownFileType = sourcecode.swift; path = UserTests.swift; sourceTree = "<group>"; };
		F758CC631DC0CEFB0019975B /* UserRequest.swift */ = {isa = PBXFileReference; fileEncoding = 4; lastKnownFileType = sourcecode.swift; path = UserRequest.swift; sourceTree = "<group>"; };
		F758CC651DC0D0F70019975B /* SPTPlaylist.swift */ = {isa = PBXFileReference; fileEncoding = 4; lastKnownFileType = sourcecode.swift; path = SPTPlaylist.swift; sourceTree = "<group>"; };
		F758CC671DC0D1000019975B /* TracksRepresentation.swift */ = {isa = PBXFileReference; fileEncoding = 4; lastKnownFileType = sourcecode.swift; path = TracksRepresentation.swift; sourceTree = "<group>"; };
		F758CC6B1DC0D12C0019975B /* Artist.swift */ = {isa = PBXFileReference; fileEncoding = 4; lastKnownFileType = sourcecode.swift; path = Artist.swift; sourceTree = "<group>"; };
		F758CC6D1DC12DE00019975B /* ArtistTests.swift */ = {isa = PBXFileReference; fileEncoding = 4; lastKnownFileType = sourcecode.swift; path = ArtistTests.swift; sourceTree = "<group>"; };
		F758CC6F1DC12DE90019975B /* TrackTests.swift */ = {isa = PBXFileReference; fileEncoding = 4; lastKnownFileType = sourcecode.swift; path = TrackTests.swift; sourceTree = "<group>"; };
		F758CC711DC12DF60019975B /* TracksRepresentationTests.swift */ = {isa = PBXFileReference; fileEncoding = 4; lastKnownFileType = sourcecode.swift; path = TracksRepresentationTests.swift; sourceTree = "<group>"; };
		F758CC731DC12E0D0019975B /* PlaylistTests.swift */ = {isa = PBXFileReference; fileEncoding = 4; lastKnownFileType = sourcecode.swift; path = PlaylistTests.swift; sourceTree = "<group>"; };
		F758CC751DC13C850019975B /* ListWrapper.swift */ = {isa = PBXFileReference; fileEncoding = 4; lastKnownFileType = sourcecode.swift; path = ListWrapper.swift; sourceTree = "<group>"; };
		F758CC771DC13CA80019975B /* PlaylistsRequest.swift */ = {isa = PBXFileReference; fileEncoding = 4; lastKnownFileType = sourcecode.swift; path = PlaylistsRequest.swift; sourceTree = "<group>"; };
		F758CC791DC13CCF0019975B /* SPTTracksRequest.swift */ = {isa = PBXFileReference; fileEncoding = 4; lastKnownFileType = sourcecode.swift; path = SPTTracksRequest.swift; sourceTree = "<group>"; };
		F758CC7B1DC13D840019975B /* AudioFeatures.swift */ = {isa = PBXFileReference; fileEncoding = 4; lastKnownFileType = sourcecode.swift; path = AudioFeatures.swift; sourceTree = "<group>"; };
		F758CC7D1DC13DB90019975B /* AudioFeaturesListWrapper.swift */ = {isa = PBXFileReference; fileEncoding = 4; lastKnownFileType = sourcecode.swift; path = AudioFeaturesListWrapper.swift; sourceTree = "<group>"; };
		F758CC7F1DC13DD40019975B /* AudioFeaturesRequest.swift */ = {isa = PBXFileReference; fileEncoding = 4; lastKnownFileType = sourcecode.swift; path = AudioFeaturesRequest.swift; sourceTree = "<group>"; };
		F758CC811DC13EAB0019975B /* Storage.swift */ = {isa = PBXFileReference; fileEncoding = 4; lastKnownFileType = sourcecode.swift; path = Storage.swift; sourceTree = "<group>"; };
		F758CC831DC13FA60019975B /* StorageTests.swift */ = {isa = PBXFileReference; fileEncoding = 4; lastKnownFileType = sourcecode.swift; path = StorageTests.swift; sourceTree = "<group>"; };
		F758CC851DC1440A0019975B /* UIViewController+Error.swift */ = {isa = PBXFileReference; fileEncoding = 4; lastKnownFileType = sourcecode.swift; path = "UIViewController+Error.swift"; sourceTree = "<group>"; };
		F758CC871DC146880019975B /* PlaylistsViewController.swift */ = {isa = PBXFileReference; fileEncoding = 4; lastKnownFileType = sourcecode.swift; path = PlaylistsViewController.swift; sourceTree = "<group>"; };
		F758CC891DC146A20019975B /* TracksViewController.swift */ = {isa = PBXFileReference; fileEncoding = 4; lastKnownFileType = sourcecode.swift; path = TracksViewController.swift; sourceTree = "<group>"; };
		F758CC8B1DC147120019975B /* PlaylistTableViewCell.swift */ = {isa = PBXFileReference; fileEncoding = 4; lastKnownFileType = sourcecode.swift; path = PlaylistTableViewCell.swift; sourceTree = "<group>"; };
		F758CC8D1DC147260019975B /* TrackTableViewCell.swift */ = {isa = PBXFileReference; fileEncoding = 4; lastKnownFileType = sourcecode.swift; path = TrackTableViewCell.swift; sourceTree = "<group>"; };
		F758CC8F1DC147DE0019975B /* PlaylistsSource.swift */ = {isa = PBXFileReference; fileEncoding = 4; lastKnownFileType = sourcecode.swift; path = PlaylistsSource.swift; sourceTree = "<group>"; };
		F758CC931DC149770019975B /* RefreshableItemsSource.swift */ = {isa = PBXFileReference; fileEncoding = 4; lastKnownFileType = sourcecode.swift; path = RefreshableItemsSource.swift; sourceTree = "<group>"; };
		F77DEC581DD8936500D6EABA /* Track.swift */ = {isa = PBXFileReference; fileEncoding = 4; lastKnownFileType = sourcecode.swift; path = Track.swift; sourceTree = "<group>"; };
		F77DEC5A1DD896A200D6EABA /* RefreshableTracksSource.swift */ = {isa = PBXFileReference; fileEncoding = 4; lastKnownFileType = sourcecode.swift; path = RefreshableTracksSource.swift; sourceTree = "<group>"; };
		F77DEC5D1DD8977100D6EABA /* SPTTrack.swift */ = {isa = PBXFileReference; fileEncoding = 4; lastKnownFileType = sourcecode.swift; path = SPTTrack.swift; sourceTree = "<group>"; };
		F77DEC5E1DD8977100D6EABA /* SPTTracksSource.swift */ = {isa = PBXFileReference; fileEncoding = 4; lastKnownFileType = sourcecode.swift; path = SPTTracksSource.swift; sourceTree = "<group>"; };
		F77DEC601DD8977100D6EABA /* VKTrack.swift */ = {isa = PBXFileReference; fileEncoding = 4; lastKnownFileType = sourcecode.swift; path = VKTrack.swift; sourceTree = "<group>"; };
		F77DEC641DD8982500D6EABA /* VKTracksSource.swift */ = {isa = PBXFileReference; fileEncoding = 4; lastKnownFileType = sourcecode.swift; path = VKTracksSource.swift; sourceTree = "<group>"; };
		F77DEC661DD8ABAF00D6EABA /* TrackTableViewCell.xib */ = {isa = PBXFileReference; fileEncoding = 4; lastKnownFileType = file.xib; path = TrackTableViewCell.xib; sourceTree = "<group>"; };
		F77DEC681DD8ABE600D6EABA /* PlaylistTableViewCell.xib */ = {isa = PBXFileReference; fileEncoding = 4; lastKnownFileType = file.xib; path = PlaylistTableViewCell.xib; sourceTree = "<group>"; };
		F77DEC6A1DD8AC3B00D6EABA /* ReusableView.swift */ = {isa = PBXFileReference; fileEncoding = 4; lastKnownFileType = sourcecode.swift; path = ReusableView.swift; sourceTree = "<group>"; };
		F77DEC6C1DD8AC4700D6EABA /* NibLoadableView.swift */ = {isa = PBXFileReference; fileEncoding = 4; lastKnownFileType = sourcecode.swift; path = NibLoadableView.swift; sourceTree = "<group>"; };
		F77DEC6E1DD8AD3200D6EABA /* UICollectionView+Reuse.swift */ = {isa = PBXFileReference; fileEncoding = 4; lastKnownFileType = sourcecode.swift; path = "UICollectionView+Reuse.swift"; sourceTree = "<group>"; };
		F77DEC701DD8AD4100D6EABA /* UITableView+Reuse.swift */ = {isa = PBXFileReference; fileEncoding = 4; lastKnownFileType = sourcecode.swift; path = "UITableView+Reuse.swift"; sourceTree = "<group>"; };
		F77DEC721DD8B62A00D6EABA /* UIViewController+NavigationController.swift */ = {isa = PBXFileReference; fileEncoding = 4; lastKnownFileType = sourcecode.swift; path = "UIViewController+NavigationController.swift"; sourceTree = "<group>"; };
		F77DEC741DD8CDF700D6EABA /* VKPlaylistsRequest.swift */ = {isa = PBXFileReference; fileEncoding = 4; lastKnownFileType = sourcecode.swift; path = VKPlaylistsRequest.swift; sourceTree = "<group>"; };
		F77DEC761DD8CF7000D6EABA /* Playlist.swift */ = {isa = PBXFileReference; fileEncoding = 4; lastKnownFileType = sourcecode.swift; path = Playlist.swift; sourceTree = "<group>"; };
		F7D30C561DD86CFE00821B17 /* VKController.swift */ = {isa = PBXFileReference; fileEncoding = 4; lastKnownFileType = sourcecode.swift; path = VKController.swift; sourceTree = "<group>"; };
		F7D30C581DD86DA300821B17 /* ConvenienceServiceRequest.swift */ = {isa = PBXFileReference; fileEncoding = 4; lastKnownFileType = sourcecode.swift; path = ConvenienceServiceRequest.swift; sourceTree = "<group>"; };
		F7D30C5A1DD86E2C00821B17 /* VKTracksRequest.swift */ = {isa = PBXFileReference; fileEncoding = 4; lastKnownFileType = sourcecode.swift; path = VKTracksRequest.swift; sourceTree = "<group>"; };
		F7D30C5C1DD8716E00821B17 /* RootViewController.swift */ = {isa = PBXFileReference; fileEncoding = 4; lastKnownFileType = sourcecode.swift; path = RootViewController.swift; sourceTree = "<group>"; };
		F7D30C5E1DD8895000821B17 /* Spotify.storyboard */ = {isa = PBXFileReference; fileEncoding = 4; lastKnownFileType = file.storyboard; path = Spotify.storyboard; sourceTree = "<group>"; };
/* End PBXFileReference section */

/* Begin PBXFrameworksBuildPhase section */
		F758CBED1DC02D4A0019975B /* Frameworks */ = {
			isa = PBXFrameworksBuildPhase;
			buildActionMask = 2147483647;
			files = (
				F758CC451DC0889C0019975B /* SpotifyMetadata.framework in Frameworks */,
				980F78DE366C25B005B22EF4 /* Pods_MySpotify.framework in Frameworks */,
				F758CC441DC0889C0019975B /* SpotifyAuthentication.framework in Frameworks */,
				F758CC431DC0889C0019975B /* SpotifyAudioPlayback.framework in Frameworks */,
				7BED0D32E7F10DCF83440CB1 /* Pods_MySpotify.framework in Frameworks */,
			);
			runOnlyForDeploymentPostprocessing = 0;
		};
		F758CC011DC02D4B0019975B /* Frameworks */ = {
			isa = PBXFrameworksBuildPhase;
			buildActionMask = 2147483647;
			files = (
				64C6EEA485ED875FAB25C6E0 /* Pods_MySpotifyTests.framework in Frameworks */,
				B01761616F78A1EF30D06B6D /* Pods_MySpotifyTests.framework in Frameworks */,
			);
			runOnlyForDeploymentPostprocessing = 0;
		};
/* End PBXFrameworksBuildPhase section */

/* Begin PBXGroup section */
		3293B63D29C0F85EB653AD77 /* Frameworks */ = {
			isa = PBXGroup;
			children = (
				48C2301BC58ABB07C1B32F89 /* Pods_MySpotify.framework */,
				C2F4834EF23E8881FDAD63A9 /* Pods_MySpotifyTests.framework */,
			);
			name = Frameworks;
			sourceTree = "<group>";
		};
		66BB3638456F3DA2E089A955 /* Pods */ = {
			isa = PBXGroup;
			children = (
				3A24E06B421032A979016304 /* Pods-MySpotify.debug.xcconfig */,
				D48A853CCCEBBA562F167635 /* Pods-MySpotify.release.xcconfig */,
				19F41B09FB0379054DEB7CC7 /* Pods-MySpotifyTests.debug.xcconfig */,
				90BC41DAD1204B542D1BC344 /* Pods-MySpotifyTests.release.xcconfig */,
			);
			name = Pods;
			sourceTree = "<group>";
		};
		F758CBE71DC02D4A0019975B = {
			isa = PBXGroup;
			children = (
				F758CBF21DC02D4A0019975B /* MySpotify */,
				F758CC3F1DC0886E0019975B /* Frameworks */,
				F758CC071DC02D4B0019975B /* MySpotifyTests */,
				F758CBF11DC02D4A0019975B /* Products */,
				66BB3638456F3DA2E089A955 /* Pods */,
				3293B63D29C0F85EB653AD77 /* Frameworks */,
			);
			sourceTree = "<group>";
		};
		F758CBF11DC02D4A0019975B /* Products */ = {
			isa = PBXGroup;
			children = (
				F758CBF01DC02D4A0019975B /* MySpotify.app */,
				F758CC041DC02D4B0019975B /* MySpotifyTests.xctest */,
			);
			name = Products;
			sourceTree = "<group>";
		};
		F758CBF21DC02D4A0019975B /* MySpotify */ = {
			isa = PBXGroup;
			children = (
				F758CBF31DC02D4A0019975B /* AppDelegate.swift */,
				F758CC471DC08B6A0019975B /* Controllers */,
				F758CC491DC08B6A0019975B /* Extensions */,
				F758CC4A1DC08B6A0019975B /* Models */,
				F758CC4B1DC08B6A0019975B /* Protocols */,
				F758CC4C1DC08B6A0019975B /* Utils */,
				F758CC4D1DC08B6A0019975B /* Views */,
				F758CC5A1DC0C9430019975B /* Managers */,
				F758CC4E1DC08B6A0019975B /* WebServices */,
				F758CC461DC089720019975B /* Bridging.h */,
				F758CBF71DC02D4A0019975B /* Main.storyboard */,
				F7D30C5E1DD8895000821B17 /* Spotify.storyboard */,
				F758CBFA1DC02D4A0019975B /* Assets.xcassets */,
				F758CBFC1DC02D4A0019975B /* LaunchScreen.storyboard */,
				F758CBFF1DC02D4A0019975B /* Info.plist */,
			);
			path = MySpotify;
			sourceTree = "<group>";
		};
		F758CC071DC02D4B0019975B /* MySpotifyTests */ = {
			isa = PBXGroup;
			children = (
				F758CC0A1DC02D4B0019975B /* Info.plist */,
				F758CC561DC0C4510019975B /* TokenTests.swift */,
				F758CC611DC0CE210019975B /* UserTests.swift */,
				F758CC6D1DC12DE00019975B /* ArtistTests.swift */,
				F758CC6F1DC12DE90019975B /* TrackTests.swift */,
				F758CC711DC12DF60019975B /* TracksRepresentationTests.swift */,
				F758CC731DC12E0D0019975B /* PlaylistTests.swift */,
				F758CC831DC13FA60019975B /* StorageTests.swift */,
			);
			path = MySpotifyTests;
			sourceTree = "<group>";
		};
		F758CC3F1DC0886E0019975B /* Frameworks */ = {
			isa = PBXGroup;
			children = (
				F758CC401DC0889C0019975B /* SpotifyAudioPlayback.framework */,
				F758CC411DC0889C0019975B /* SpotifyAuthentication.framework */,
				F758CC421DC0889C0019975B /* SpotifyMetadata.framework */,
				80618415848BD46E1F1CACF1 /* Pods_MySpotify.framework */,
				E9AB92E0126914805EC0996B /* Pods_MySpotifyTests.framework */,
			);
			name = Frameworks;
			path = MySpotify/Frameworks;
			sourceTree = "<group>";
		};
		F758CC471DC08B6A0019975B /* Controllers */ = {
			isa = PBXGroup;
			children = (
				F7D30C5C1DD8716E00821B17 /* RootViewController.swift */,
				F758CC481DC08B6A0019975B /* SpotifyViewController.swift */,
				F7D30C561DD86CFE00821B17 /* VKController.swift */,
				F758CC871DC146880019975B /* PlaylistsViewController.swift */,
				F758CC891DC146A20019975B /* TracksViewController.swift */,
			);
			path = Controllers;
			sourceTree = "<group>";
		};
		F758CC491DC08B6A0019975B /* Extensions */ = {
			isa = PBXGroup;
			children = (
				F758CC851DC1440A0019975B /* UIViewController+Error.swift */,
				F77DEC721DD8B62A00D6EABA /* UIViewController+NavigationController.swift */,
				F706EFC31DC15D8A0078FAF4 /* NSError+Description.swift */,
				F77DEC6E1DD8AD3200D6EABA /* UICollectionView+Reuse.swift */,
				F77DEC701DD8AD4100D6EABA /* UITableView+Reuse.swift */,
			);
			path = Extensions;
			sourceTree = "<group>";
		};
		F758CC4A1DC08B6A0019975B /* Models */ = {
			isa = PBXGroup;
			children = (
				F77DEC5C1DD8977100D6EABA /* Spotify */,
				F77DEC5F1DD8977100D6EABA /* VK */,
				F758CC541DC0C41E0019975B /* Token.swift */,
				F758CC5F1DC0CDFB0019975B /* User.swift */,
				F758CC651DC0D0F70019975B /* SPTPlaylist.swift */,
				F77DEC761DD8CF7000D6EABA /* Playlist.swift */,
				F758CC671DC0D1000019975B /* TracksRepresentation.swift */,
				F758CC6B1DC0D12C0019975B /* Artist.swift */,
				F758CC751DC13C850019975B /* ListWrapper.swift */,
				F758CC7B1DC13D840019975B /* AudioFeatures.swift */,
				F758CC7D1DC13DB90019975B /* AudioFeaturesListWrapper.swift */,
				F758CC8F1DC147DE0019975B /* PlaylistsSource.swift */,
				F77DEC581DD8936500D6EABA /* Track.swift */,
			);
			path = Models;
			sourceTree = "<group>";
		};
		F758CC4B1DC08B6A0019975B /* Protocols */ = {
			isa = PBXGroup;
			children = (
				F758CC5D1DC0C9C80019975B /* DictionaryRepresentable.swift */,
				F758CC931DC149770019975B /* RefreshableItemsSource.swift */,
				F77DEC5A1DD896A200D6EABA /* RefreshableTracksSource.swift */,
				F77DEC6A1DD8AC3B00D6EABA /* ReusableView.swift */,
				F77DEC6C1DD8AC4700D6EABA /* NibLoadableView.swift */,
			);
			path = Protocols;
			sourceTree = "<group>";
		};
		F758CC4C1DC08B6A0019975B /* Utils */ = {
			isa = PBXGroup;
			children = (
				F758CC501DC08BA30019975B /* AppConstants.swift */,
			);
			path = Utils;
			sourceTree = "<group>";
		};
		F758CC4D1DC08B6A0019975B /* Views */ = {
			isa = PBXGroup;
			children = (
				F758CC8B1DC147120019975B /* PlaylistTableViewCell.swift */,
				F77DEC681DD8ABE600D6EABA /* PlaylistTableViewCell.xib */,
				F758CC8D1DC147260019975B /* TrackTableViewCell.swift */,
				F77DEC661DD8ABAF00D6EABA /* TrackTableViewCell.xib */,
			);
			path = Views;
			sourceTree = "<group>";
		};
		F758CC4E1DC08B6A0019975B /* WebServices */ = {
			isa = PBXGroup;
			children = (
				F7D30C581DD86DA300821B17 /* ConvenienceServiceRequest.swift */,
				F758CC521DC0C39F0019975B /* ServiceRequest.swift */,
				F758CC581DC0C7580019975B /* TokenRequest.swift */,
				F758CC631DC0CEFB0019975B /* UserRequest.swift */,
				F758CC771DC13CA80019975B /* PlaylistsRequest.swift */,
				F758CC791DC13CCF0019975B /* SPTTracksRequest.swift */,
				F7D30C5A1DD86E2C00821B17 /* VKTracksRequest.swift */,
				F77DEC741DD8CDF700D6EABA /* VKPlaylistsRequest.swift */,
				F758CC7F1DC13DD40019975B /* AudioFeaturesRequest.swift */,
			);
			path = WebServices;
			sourceTree = "<group>";
		};
		F758CC5A1DC0C9430019975B /* Managers */ = {
			isa = PBXGroup;
			children = (
				F758CC5B1DC0C95D0019975B /* UserSession.swift */,
				F758CC811DC13EAB0019975B /* Storage.swift */,
			);
			path = Managers;
			sourceTree = "<group>";
		};
		F77DEC5C1DD8977100D6EABA /* Spotify */ = {
			isa = PBXGroup;
			children = (
				F77DEC5D1DD8977100D6EABA /* SPTTrack.swift */,
				F77DEC5E1DD8977100D6EABA /* SPTTracksSource.swift */,
			);
			path = Spotify;
			sourceTree = "<group>";
		};
		F77DEC5F1DD8977100D6EABA /* VK */ = {
			isa = PBXGroup;
			children = (
				F77DEC601DD8977100D6EABA /* VKTrack.swift */,
				F77DEC641DD8982500D6EABA /* VKTracksSource.swift */,
			);
			path = VK;
			sourceTree = "<group>";
		};
/* End PBXGroup section */

/* Begin PBXNativeTarget section */
		F758CBEF1DC02D4A0019975B /* MySpotify */ = {
			isa = PBXNativeTarget;
			buildConfigurationList = F758CC0D1DC02D4B0019975B /* Build configuration list for PBXNativeTarget "MySpotify" */;
			buildPhases = (
				BA147AF66650DDA3C5901C50 /* [CP] Check Pods Manifest.lock */,
				F758CBEC1DC02D4A0019975B /* Sources */,
				F758CBED1DC02D4A0019975B /* Frameworks */,
				F758CBEE1DC02D4A0019975B /* Resources */,
				99C6DFFA187DAB6F6EC140AF /* [CP] Embed Pods Frameworks */,
				BAF2DA5CCBF0717BA4B3A178 /* [CP] Copy Pods Resources */,
			);
			buildRules = (
			);
			dependencies = (
			);
			name = MySpotify;
			productName = MySpotify;
			productReference = F758CBF01DC02D4A0019975B /* MySpotify.app */;
			productType = "com.apple.product-type.application";
		};
		F758CC031DC02D4B0019975B /* MySpotifyTests */ = {
			isa = PBXNativeTarget;
			buildConfigurationList = F758CC101DC02D4B0019975B /* Build configuration list for PBXNativeTarget "MySpotifyTests" */;
			buildPhases = (
				3A5B64AE86D4BBE6EA842D90 /* [CP] Check Pods Manifest.lock */,
				F758CC001DC02D4B0019975B /* Sources */,
				F758CC011DC02D4B0019975B /* Frameworks */,
				F758CC021DC02D4B0019975B /* Resources */,
				04E2C52D713D721D858B3E4C /* [CP] Embed Pods Frameworks */,
				D6ACFDC42C5D8AFFDF3B868B /* [CP] Copy Pods Resources */,
			);
			buildRules = (
			);
			dependencies = (
				F758CC061DC02D4B0019975B /* PBXTargetDependency */,
			);
			name = MySpotifyTests;
			productName = MySpotifyTests;
			productReference = F758CC041DC02D4B0019975B /* MySpotifyTests.xctest */;
			productType = "com.apple.product-type.bundle.unit-test";
		};
/* End PBXNativeTarget section */

/* Begin PBXProject section */
		F758CBE81DC02D4A0019975B /* Project object */ = {
			isa = PBXProject;
			attributes = {
				LastSwiftUpdateCheck = 0800;
				LastUpgradeCheck = 0800;
				ORGANIZATIONNAME = Fitc;
				TargetAttributes = {
					F758CBEF1DC02D4A0019975B = {
						CreatedOnToolsVersion = 8.0;
						ProvisioningStyle = Automatic;
					};
					F758CC031DC02D4B0019975B = {
						CreatedOnToolsVersion = 8.0;
						ProvisioningStyle = Automatic;
						TestTargetID = F758CBEF1DC02D4A0019975B;
					};
				};
			};
			buildConfigurationList = F758CBEB1DC02D4A0019975B /* Build configuration list for PBXProject "MySpotify" */;
			compatibilityVersion = "Xcode 3.2";
			developmentRegion = English;
			hasScannedForEncodings = 0;
			knownRegions = (
				en,
				Base,
			);
			mainGroup = F758CBE71DC02D4A0019975B;
			productRefGroup = F758CBF11DC02D4A0019975B /* Products */;
			projectDirPath = "";
			projectRoot = "";
			targets = (
				F758CBEF1DC02D4A0019975B /* MySpotify */,
				F758CC031DC02D4B0019975B /* MySpotifyTests */,
			);
		};
/* End PBXProject section */

/* Begin PBXResourcesBuildPhase section */
		F758CBEE1DC02D4A0019975B /* Resources */ = {
			isa = PBXResourcesBuildPhase;
			buildActionMask = 2147483647;
			files = (
				F758CBFE1DC02D4A0019975B /* LaunchScreen.storyboard in Resources */,
				F758CBFB1DC02D4A0019975B /* Assets.xcassets in Resources */,
				F758CBF91DC02D4A0019975B /* Main.storyboard in Resources */,
				F77DEC671DD8ABAF00D6EABA /* TrackTableViewCell.xib in Resources */,
				F7D30C5F1DD8895000821B17 /* Spotify.storyboard in Resources */,
				F77DEC691DD8ABE600D6EABA /* PlaylistTableViewCell.xib in Resources */,
			);
			runOnlyForDeploymentPostprocessing = 0;
		};
		F758CC021DC02D4B0019975B /* Resources */ = {
			isa = PBXResourcesBuildPhase;
			buildActionMask = 2147483647;
			files = (
			);
			runOnlyForDeploymentPostprocessing = 0;
		};
/* End PBXResourcesBuildPhase section */

/* Begin PBXShellScriptBuildPhase section */
		04E2C52D713D721D858B3E4C /* [CP] Embed Pods Frameworks */ = {
			isa = PBXShellScriptBuildPhase;
			buildActionMask = 2147483647;
			files = (
			);
			inputPaths = (
			);
			name = "[CP] Embed Pods Frameworks";
			outputPaths = (
			);
			runOnlyForDeploymentPostprocessing = 0;
			shellPath = /bin/sh;
			shellScript = "\"${SRCROOT}/Pods/Target Support Files/Pods-MySpotifyTests/Pods-MySpotifyTests-frameworks.sh\"\n";
			showEnvVarsInLog = 0;
		};
		3A5B64AE86D4BBE6EA842D90 /* [CP] Check Pods Manifest.lock */ = {
			isa = PBXShellScriptBuildPhase;
			buildActionMask = 2147483647;
			files = (
			);
			inputPaths = (
			);
			name = "[CP] Check Pods Manifest.lock";
			outputPaths = (
			);
			runOnlyForDeploymentPostprocessing = 0;
			shellPath = /bin/sh;
			shellScript = "diff \"${PODS_ROOT}/../Podfile.lock\" \"${PODS_ROOT}/Manifest.lock\" > /dev/null\nif [ $? != 0 ] ; then\n    # print error to STDERR\n    echo \"error: The sandbox is not in sync with the Podfile.lock. Run 'pod install' or update your CocoaPods installation.\" >&2\n    exit 1\nfi\n";
			showEnvVarsInLog = 0;
		};
		99C6DFFA187DAB6F6EC140AF /* [CP] Embed Pods Frameworks */ = {
			isa = PBXShellScriptBuildPhase;
			buildActionMask = 2147483647;
			files = (
			);
			inputPaths = (
			);
			name = "[CP] Embed Pods Frameworks";
			outputPaths = (
			);
			runOnlyForDeploymentPostprocessing = 0;
			shellPath = /bin/sh;
			shellScript = "\"${SRCROOT}/Pods/Target Support Files/Pods-MySpotify/Pods-MySpotify-frameworks.sh\"\n";
			showEnvVarsInLog = 0;
		};
		BA147AF66650DDA3C5901C50 /* [CP] Check Pods Manifest.lock */ = {
			isa = PBXShellScriptBuildPhase;
			buildActionMask = 2147483647;
			files = (
			);
			inputPaths = (
			);
			name = "[CP] Check Pods Manifest.lock";
			outputPaths = (
			);
			runOnlyForDeploymentPostprocessing = 0;
			shellPath = /bin/sh;
			shellScript = "diff \"${PODS_ROOT}/../Podfile.lock\" \"${PODS_ROOT}/Manifest.lock\" > /dev/null\nif [ $? != 0 ] ; then\n    # print error to STDERR\n    echo \"error: The sandbox is not in sync with the Podfile.lock. Run 'pod install' or update your CocoaPods installation.\" >&2\n    exit 1\nfi\n";
			showEnvVarsInLog = 0;
		};
		BAF2DA5CCBF0717BA4B3A178 /* [CP] Copy Pods Resources */ = {
			isa = PBXShellScriptBuildPhase;
			buildActionMask = 2147483647;
			files = (
			);
			inputPaths = (
			);
			name = "[CP] Copy Pods Resources";
			outputPaths = (
			);
			runOnlyForDeploymentPostprocessing = 0;
			shellPath = /bin/sh;
			shellScript = "\"${SRCROOT}/Pods/Target Support Files/Pods-MySpotify/Pods-MySpotify-resources.sh\"\n";
			showEnvVarsInLog = 0;
		};
		D6ACFDC42C5D8AFFDF3B868B /* [CP] Copy Pods Resources */ = {
			isa = PBXShellScriptBuildPhase;
			buildActionMask = 2147483647;
			files = (
			);
			inputPaths = (
			);
			name = "[CP] Copy Pods Resources";
			outputPaths = (
			);
			runOnlyForDeploymentPostprocessing = 0;
			shellPath = /bin/sh;
			shellScript = "\"${SRCROOT}/Pods/Target Support Files/Pods-MySpotifyTests/Pods-MySpotifyTests-resources.sh\"\n";
			showEnvVarsInLog = 0;
		};
/* End PBXShellScriptBuildPhase section */

/* Begin PBXSourcesBuildPhase section */
		F758CBEC1DC02D4A0019975B /* Sources */ = {
			isa = PBXSourcesBuildPhase;
			buildActionMask = 2147483647;
			files = (
				F7D30C5B1DD86E2C00821B17 /* VKTracksRequest.swift in Sources */,
				F758CC8C1DC147120019975B /* PlaylistTableViewCell.swift in Sources */,
				F758CC4F1DC08B6A0019975B /* SpotifyViewController.swift in Sources */,
				F758CC551DC0C41E0019975B /* Token.swift in Sources */,
				F77DEC5B1DD896A200D6EABA /* RefreshableTracksSource.swift in Sources */,
				F77DEC731DD8B62A00D6EABA /* UIViewController+NavigationController.swift in Sources */,
				F758CC5E1DC0C9C80019975B /* DictionaryRepresentable.swift in Sources */,
				F758CC531DC0C39F0019975B /* ServiceRequest.swift in Sources */,
				F758CC8E1DC147260019975B /* TrackTableViewCell.swift in Sources */,
				F706EFC41DC15D8A0078FAF4 /* NSError+Description.swift in Sources */,
				F758CC5C1DC0C95D0019975B /* UserSession.swift in Sources */,
				F758CC601DC0CDFB0019975B /* User.swift in Sources */,
				F7D30C5D1DD8716E00821B17 /* RootViewController.swift in Sources */,
				F77DEC611DD8977100D6EABA /* SPTTrack.swift in Sources */,
				F758CC6C1DC0D12C0019975B /* Artist.swift in Sources */,
				F77DEC711DD8AD4100D6EABA /* UITableView+Reuse.swift in Sources */,
				F758CC511DC08BA30019975B /* AppConstants.swift in Sources */,
				F758CC821DC13EAB0019975B /* Storage.swift in Sources */,
				F77DEC6D1DD8AC4700D6EABA /* NibLoadableView.swift in Sources */,
				F758CC901DC147DE0019975B /* PlaylistsSource.swift in Sources */,
				F77DEC6F1DD8AD3200D6EABA /* UICollectionView+Reuse.swift in Sources */,
				F77DEC651DD8982500D6EABA /* VKTracksSource.swift in Sources */,
				F758CBF41DC02D4A0019975B /* AppDelegate.swift in Sources */,
				F758CC7C1DC13D840019975B /* AudioFeatures.swift in Sources */,
				F758CC681DC0D1000019975B /* TracksRepresentation.swift in Sources */,
				F758CC8A1DC146A20019975B /* TracksViewController.swift in Sources */,
				F77DEC751DD8CDF700D6EABA /* VKPlaylistsRequest.swift in Sources */,
				F7D30C571DD86CFE00821B17 /* VKController.swift in Sources */,
				F758CC661DC0D0F70019975B /* SPTPlaylist.swift in Sources */,
				F77DEC771DD8CF7000D6EABA /* Playlist.swift in Sources */,
				F77DEC591DD8936600D6EABA /* Track.swift in Sources */,
				F758CC641DC0CEFB0019975B /* UserRequest.swift in Sources */,
				F758CC7A1DC13CCF0019975B /* SPTTracksRequest.swift in Sources */,
				F758CC591DC0C7580019975B /* TokenRequest.swift in Sources */,
				F758CC761DC13C850019975B /* ListWrapper.swift in Sources */,
				F77DEC621DD8977100D6EABA /* SPTTracksSource.swift in Sources */,
				F758CC781DC13CA80019975B /* PlaylistsRequest.swift in Sources */,
				F758CC941DC149770019975B /* RefreshableItemsSource.swift in Sources */,
				F77DEC631DD8977100D6EABA /* VKTrack.swift in Sources */,
				F77DEC6B1DD8AC3B00D6EABA /* ReusableView.swift in Sources */,
				F758CC861DC1440A0019975B /* UIViewController+Error.swift in Sources */,
				F758CC7E1DC13DB90019975B /* AudioFeaturesListWrapper.swift in Sources */,
				F758CC881DC146890019975B /* PlaylistsViewController.swift in Sources */,
				F758CC801DC13DD40019975B /* AudioFeaturesRequest.swift in Sources */,
				F7D30C591DD86DA300821B17 /* ConvenienceServiceRequest.swift in Sources */,
			);
			runOnlyForDeploymentPostprocessing = 0;
		};
		F758CC001DC02D4B0019975B /* Sources */ = {
			isa = PBXSourcesBuildPhase;
			buildActionMask = 2147483647;
			files = (
				F758CC621DC0CE210019975B /* UserTests.swift in Sources */,
				F758CC741DC12E0D0019975B /* PlaylistTests.swift in Sources */,
				F758CC571DC0C4510019975B /* TokenTests.swift in Sources */,
				F758CC6E1DC12DE00019975B /* ArtistTests.swift in Sources */,
				F758CC841DC13FA60019975B /* StorageTests.swift in Sources */,
				F758CC721DC12DF60019975B /* TracksRepresentationTests.swift in Sources */,
				F758CC701DC12DE90019975B /* TrackTests.swift in Sources */,
			);
			runOnlyForDeploymentPostprocessing = 0;
		};
/* End PBXSourcesBuildPhase section */

/* Begin PBXTargetDependency section */
		F758CC061DC02D4B0019975B /* PBXTargetDependency */ = {
			isa = PBXTargetDependency;
			target = F758CBEF1DC02D4A0019975B /* MySpotify */;
			targetProxy = F758CC051DC02D4B0019975B /* PBXContainerItemProxy */;
		};
/* End PBXTargetDependency section */

/* Begin PBXVariantGroup section */
		F758CBF71DC02D4A0019975B /* Main.storyboard */ = {
			isa = PBXVariantGroup;
			children = (
				F758CBF81DC02D4A0019975B /* Base */,
			);
			name = Main.storyboard;
			sourceTree = "<group>";
		};
		F758CBFC1DC02D4A0019975B /* LaunchScreen.storyboard */ = {
			isa = PBXVariantGroup;
			children = (
				F758CBFD1DC02D4A0019975B /* Base */,
			);
			name = LaunchScreen.storyboard;
			sourceTree = "<group>";
		};
/* End PBXVariantGroup section */

/* Begin XCBuildConfiguration section */
		F758CC0B1DC02D4B0019975B /* Debug */ = {
			isa = XCBuildConfiguration;
			buildSettings = {
				ALWAYS_SEARCH_USER_PATHS = NO;
				CLANG_ANALYZER_NONNULL = YES;
				CLANG_CXX_LANGUAGE_STANDARD = "gnu++0x";
				CLANG_CXX_LIBRARY = "libc++";
				CLANG_ENABLE_MODULES = YES;
				CLANG_ENABLE_OBJC_ARC = YES;
				CLANG_WARN_BOOL_CONVERSION = YES;
				CLANG_WARN_CONSTANT_CONVERSION = YES;
				CLANG_WARN_DIRECT_OBJC_ISA_USAGE = YES_ERROR;
				CLANG_WARN_DOCUMENTATION_COMMENTS = YES;
				CLANG_WARN_EMPTY_BODY = YES;
				CLANG_WARN_ENUM_CONVERSION = YES;
				CLANG_WARN_INFINITE_RECURSION = YES;
				CLANG_WARN_INT_CONVERSION = YES;
				CLANG_WARN_OBJC_ROOT_CLASS = YES_ERROR;
				CLANG_WARN_SUSPICIOUS_MOVES = YES;
				CLANG_WARN_UNREACHABLE_CODE = YES;
				CLANG_WARN__DUPLICATE_METHOD_MATCH = YES;
				CODE_SIGN_IDENTITY = "iPhone Developer";
				"CODE_SIGN_IDENTITY[sdk=iphoneos*]" = "iPhone Developer";
				COPY_PHASE_STRIP = NO;
				DEBUG_INFORMATION_FORMAT = dwarf;
				ENABLE_STRICT_OBJC_MSGSEND = YES;
				ENABLE_TESTABILITY = YES;
				GCC_C_LANGUAGE_STANDARD = gnu99;
				GCC_DYNAMIC_NO_PIC = NO;
				GCC_NO_COMMON_BLOCKS = YES;
				GCC_OPTIMIZATION_LEVEL = 0;
				GCC_PREPROCESSOR_DEFINITIONS = (
					"DEBUG=1",
					"$(inherited)",
				);
				GCC_WARN_64_TO_32_BIT_CONVERSION = YES;
				GCC_WARN_ABOUT_RETURN_TYPE = YES_ERROR;
				GCC_WARN_UNDECLARED_SELECTOR = YES;
				GCC_WARN_UNINITIALIZED_AUTOS = YES_AGGRESSIVE;
				GCC_WARN_UNUSED_FUNCTION = YES;
				GCC_WARN_UNUSED_VARIABLE = YES;
				IPHONEOS_DEPLOYMENT_TARGET = 9.0;
				MTL_ENABLE_DEBUG_INFO = YES;
				ONLY_ACTIVE_ARCH = YES;
				OTHER_LDFLAGS = "-ObjC";
				SDKROOT = iphoneos;
				SWIFT_ACTIVE_COMPILATION_CONDITIONS = DEBUG;
				SWIFT_OPTIMIZATION_LEVEL = "-Onone";
				TARGETED_DEVICE_FAMILY = "1,2";
			};
			name = Debug;
		};
		F758CC0C1DC02D4B0019975B /* Release */ = {
			isa = XCBuildConfiguration;
			buildSettings = {
				ALWAYS_SEARCH_USER_PATHS = NO;
				CLANG_ANALYZER_NONNULL = YES;
				CLANG_CXX_LANGUAGE_STANDARD = "gnu++0x";
				CLANG_CXX_LIBRARY = "libc++";
				CLANG_ENABLE_MODULES = YES;
				CLANG_ENABLE_OBJC_ARC = YES;
				CLANG_WARN_BOOL_CONVERSION = YES;
				CLANG_WARN_CONSTANT_CONVERSION = YES;
				CLANG_WARN_DIRECT_OBJC_ISA_USAGE = YES_ERROR;
				CLANG_WARN_DOCUMENTATION_COMMENTS = YES;
				CLANG_WARN_EMPTY_BODY = YES;
				CLANG_WARN_ENUM_CONVERSION = YES;
				CLANG_WARN_INFINITE_RECURSION = YES;
				CLANG_WARN_INT_CONVERSION = YES;
				CLANG_WARN_OBJC_ROOT_CLASS = YES_ERROR;
				CLANG_WARN_SUSPICIOUS_MOVES = YES;
				CLANG_WARN_UNREACHABLE_CODE = YES;
				CLANG_WARN__DUPLICATE_METHOD_MATCH = YES;
				CODE_SIGN_IDENTITY = "iPhone Developer";
				"CODE_SIGN_IDENTITY[sdk=iphoneos*]" = "iPhone Developer";
				COPY_PHASE_STRIP = NO;
				DEBUG_INFORMATION_FORMAT = "dwarf-with-dsym";
				ENABLE_NS_ASSERTIONS = NO;
				ENABLE_STRICT_OBJC_MSGSEND = YES;
				GCC_C_LANGUAGE_STANDARD = gnu99;
				GCC_NO_COMMON_BLOCKS = YES;
				GCC_WARN_64_TO_32_BIT_CONVERSION = YES;
				GCC_WARN_ABOUT_RETURN_TYPE = YES_ERROR;
				GCC_WARN_UNDECLARED_SELECTOR = YES;
				GCC_WARN_UNINITIALIZED_AUTOS = YES_AGGRESSIVE;
				GCC_WARN_UNUSED_FUNCTION = YES;
				GCC_WARN_UNUSED_VARIABLE = YES;
				IPHONEOS_DEPLOYMENT_TARGET = 9.0;
				MTL_ENABLE_DEBUG_INFO = NO;
				OTHER_LDFLAGS = "-ObjC";
				SDKROOT = iphoneos;
				SWIFT_OPTIMIZATION_LEVEL = "-Owholemodule";
				TARGETED_DEVICE_FAMILY = "1,2";
				VALIDATE_PRODUCT = YES;
			};
			name = Release;
		};
		F758CC0E1DC02D4B0019975B /* Debug */ = {
			isa = XCBuildConfiguration;
			baseConfigurationReference = 3A24E06B421032A979016304 /* Pods-MySpotify.debug.xcconfig */;
			buildSettings = {
				ASSETCATALOG_COMPILER_APPICON_NAME = AppIcon;
				FRAMEWORK_SEARCH_PATHS = (
					"$(inherited)",
					"$(PROJECT_DIR)/MySpotify/Frameworks",
				);
				INFOPLIST_FILE = MySpotify/Info.plist;
				LD_RUNPATH_SEARCH_PATHS = "$(inherited) @executable_path/Frameworks";
				PRODUCT_BUNDLE_IDENTIFIER = Fitc.MySpotify;
				PRODUCT_NAME = "$(TARGET_NAME)";
				SWIFT_OBJC_BRIDGING_HEADER = ./MySpotify/Bridging.h;
				SWIFT_VERSION = 3.0;
			};
			name = Debug;
		};
		F758CC0F1DC02D4B0019975B /* Release */ = {
			isa = XCBuildConfiguration;
			baseConfigurationReference = D48A853CCCEBBA562F167635 /* Pods-MySpotify.release.xcconfig */;
			buildSettings = {
				ASSETCATALOG_COMPILER_APPICON_NAME = AppIcon;
				FRAMEWORK_SEARCH_PATHS = (
					"$(inherited)",
					"$(PROJECT_DIR)/MySpotify/Frameworks",
				);
				INFOPLIST_FILE = MySpotify/Info.plist;
				LD_RUNPATH_SEARCH_PATHS = "$(inherited) @executable_path/Frameworks";
				PRODUCT_BUNDLE_IDENTIFIER = Fitc.MySpotify;
				PRODUCT_NAME = "$(TARGET_NAME)";
				SWIFT_OBJC_BRIDGING_HEADER = ./MySpotify/Bridging.h;
				SWIFT_VERSION = 3.0;
			};
			name = Release;
		};
		F758CC111DC02D4B0019975B /* Debug */ = {
			isa = XCBuildConfiguration;
			baseConfigurationReference = 19F41B09FB0379054DEB7CC7 /* Pods-MySpotifyTests.debug.xcconfig */;
			buildSettings = {
				ALWAYS_EMBED_SWIFT_STANDARD_LIBRARIES = YES;
				BUNDLE_LOADER = "$(TEST_HOST)";
				INFOPLIST_FILE = MySpotifyTests/Info.plist;
				LD_RUNPATH_SEARCH_PATHS = "$(inherited) @executable_path/Frameworks @loader_path/Frameworks";
				PRODUCT_BUNDLE_IDENTIFIER = Fitc.MySpotifyTests;
				PRODUCT_NAME = "$(TARGET_NAME)";
				SWIFT_VERSION = 3.0;
				TEST_HOST = "$(BUILT_PRODUCTS_DIR)/MySpotify.app/MySpotify";
			};
			name = Debug;
		};
		F758CC121DC02D4B0019975B /* Release */ = {
			isa = XCBuildConfiguration;
			baseConfigurationReference = 90BC41DAD1204B542D1BC344 /* Pods-MySpotifyTests.release.xcconfig */;
			buildSettings = {
				ALWAYS_EMBED_SWIFT_STANDARD_LIBRARIES = YES;
				BUNDLE_LOADER = "$(TEST_HOST)";
				INFOPLIST_FILE = MySpotifyTests/Info.plist;
				LD_RUNPATH_SEARCH_PATHS = "$(inherited) @executable_path/Frameworks @loader_path/Frameworks";
				PRODUCT_BUNDLE_IDENTIFIER = Fitc.MySpotifyTests;
				PRODUCT_NAME = "$(TARGET_NAME)";
				SWIFT_VERSION = 3.0;
				TEST_HOST = "$(BUILT_PRODUCTS_DIR)/MySpotify.app/MySpotify";
			};
			name = Release;
		};
/* End XCBuildConfiguration section */

/* Begin XCConfigurationList section */
		F758CBEB1DC02D4A0019975B /* Build configuration list for PBXProject "MySpotify" */ = {
			isa = XCConfigurationList;
			buildConfigurations = (
				F758CC0B1DC02D4B0019975B /* Debug */,
				F758CC0C1DC02D4B0019975B /* Release */,
			);
			defaultConfigurationIsVisible = 0;
			defaultConfigurationName = Release;
		};
		F758CC0D1DC02D4B0019975B /* Build configuration list for PBXNativeTarget "MySpotify" */ = {
			isa = XCConfigurationList;
			buildConfigurations = (
				F758CC0E1DC02D4B0019975B /* Debug */,
				F758CC0F1DC02D4B0019975B /* Release */,
			);
			defaultConfigurationIsVisible = 0;
			defaultConfigurationName = Release;
		};
		F758CC101DC02D4B0019975B /* Build configuration list for PBXNativeTarget "MySpotifyTests" */ = {
			isa = XCConfigurationList;
			buildConfigurations = (
				F758CC111DC02D4B0019975B /* Debug */,
				F758CC121DC02D4B0019975B /* Release */,
			);
			defaultConfigurationIsVisible = 0;
			defaultConfigurationName = Release;
		};
/* End XCConfigurationList section */
	};
	rootObject = F758CBE81DC02D4A0019975B /* Project object */;
}
